
Microsoft Visual Studio Solution File, Format Version 12.00
# Visual Studio 15
VisualStudioVersion = 15.0.28307.106
MinimumVisualStudioVersion = 10.0.40219.1
Project("{FAE04EC0-301F-11D3-BF4B-00C04F79EFBC}") = "BankAccount", "BankAccount\BankAccount.csproj", "{C3740A98-AD50-4FB5-9D8A-70CE5C5284F3}"
EndProject
Global
	GlobalSection(SolutionConfigurationPlatforms) = preSolution
		Debug|Any CPU = Debug|Any CPU
		Release|Any CPU = Release|Any CPU
	EndGlobalSection
	GlobalSection(ProjectConfigurationPlatforms) = postSolution
		{C3740A98-AD50-4FB5-9D8A-70CE5C5284F3}.Debug|Any CPU.ActiveCfg = Debug|Any CPU
		{C3740A98-AD50-4FB5-9D8A-70CE5C5284F3}.Debug|Any CPU.Build.0 = Debug|Any CPU
		{C3740A98-AD50-4FB5-9D8A-70CE5C5284F3}.Release|Any CPU.ActiveCfg = Release|Any CPU
		{C3740A98-AD50-4FB5-9D8A-70CE5C5284F3}.Release|Any CPU.Build.0 = Release|Any CPU
	EndGlobalSection
	GlobalSection(SolutionProperties) = preSolution
		HideSolutionNode = FALSE
	EndGlobalSection
	GlobalSection(ExtensibilityGlobals) = postSolution
		SolutionGuid = {DFE59AD7-BD7C-41FE-8546-13A6D7ACD9AF}
	EndGlobalSection
EndGlobal
